
Microsoft Visual Studio Solution File, Format Version 12.00
# Visual Studio 2015
Project("{FAE04EC0-301F-11D3-BF4B-00C04F79EFBC}") = "DogSurfer", "DogSurfer.csproj", "{CCA70349-D1BF-1850-6AE1-019EDC143683}"
EndProject
Global
	GlobalSection(SolutionConfigurationPlatforms) = preSolution
		Debug|Any CPU = Debug|Any CPU
		Release|Any CPU = Release|Any CPU
	EndGlobalSection
	GlobalSection(ProjectConfigurationPlatforms) = postSolution
		{CCA70349-D1BF-1850-6AE1-019EDC143683}.Debug|Any CPU.ActiveCfg = Debug|Any CPU
		{CCA70349-D1BF-1850-6AE1-019EDC143683}.Debug|Any CPU.Build.0 = Debug|Any CPU
		{CCA70349-D1BF-1850-6AE1-019EDC143683}.Release|Any CPU.ActiveCfg = Release|Any CPU
		{CCA70349-D1BF-1850-6AE1-019EDC143683}.Release|Any CPU.Build.0 = Release|Any CPU
	EndGlobalSection
	GlobalSection(SolutionProperties) = preSolution
		HideSolutionNode = FALSE
	EndGlobalSection
EndGlobal
